{
  "name": "twitter-bot",
  "version": "1.0.0",
  "lockfileVersion": 3,
  "requires": true,
  "packages": {
    "": {
      "name": "twitter-bot",
      "version": "1.0.0",
      "license": "ISC",
      "dependencies": {
        "cron": "^3.1.6",
        "dotenv": "^16.3.1",
        "twit": "^1.1.20"
      }
    },
    "node_modules/@types/luxon": {
      "version": "3.3.5",
      "resolved": "https://registry.npmjs.org/@types/luxon/-/luxon-3.3.5.tgz",
      "integrity": "sha512-1cyf6Ge/94zlaWIZA2ei1pE6SZ8xpad2hXaYa5JEFiaUH0YS494CZwyi4MXNpXD9oEuv6ZH0Bmh0e7F9sPhmZA=="
    },
    "node_modules/cron": {
      "version": "3.1.6",
      "resolved": "https://registry.npmjs.org/cron/-/cron-3.1.6.tgz",
      "integrity": "sha512-cvFiQCeVzsA+QPM6fhjBtlKGij7tLLISnTSvFxVdnFGLdz+ZdXN37kNe0i2gefmdD17XuZA6n2uPVwzl4FxW/w==",
      "dependencies": {
        "@types/luxon": "~3.3.0",
        "luxon": "~3.4.0"
      }
    },
    "node_modules/dotenv": {
      "version": "16.3.1",
      "resolved": "https://registry.npmjs.org/dotenv/-/dotenv-16.3.1.tgz",
      "integrity": "sha512-IPzF4w4/Rd94bA9imS68tZBaYyBWSCE47V1RGuMrB94iyTOIEwRmVL2x/4An+6mETpLrKJ5hQkB8W4kFAadeIQ==",
      "engines": {
        "node": ">=12"
      },
      "funding": {
        "url": "https://github.com/motdotla/dotenv?sponsor=1"
      }
    },
    "node_modules/luxon": {
      "version": "3.4.4",
      "resolved": "https://registry.npmjs.org/luxon/-/luxon-3.4.4.tgz",
      "integrity": "sha512-zobTr7akeGHnv7eBOXcRgMeCP6+uyYsczwmeRCauvpvaAltgNyTbLH/+VaEAPUeWBT+1GuNmz4wC/6jtQzbbVA==",
      "engines": {
        "node": ">=12"
      }
    },
    "node_modules/oauth": {
      "version": "0.9.9",
      "resolved": "https://registry.npmjs.org/oauth/-/oauth-0.9.9.tgz",
      "integrity": "sha512-kjdfbdtIFcfvHTdvh+pbR5RMOxrihCmMtDjOCAieetr4NoUOuRjl1q9gyGnvpPNDOalH8moHqur150XYGPQFeA=="
    },
    "node_modules/twit": {
      "version": "1.1.20",
      "resolved": "https://registry.npmjs.org/twit/-/twit-1.1.20.tgz",
      "integrity": "sha512-5Wb4b+1mqSxOXGrTe5O4GIB6/IQnh5anAub34M+VfAdA1g+9QfUuod4C94xf9NNcaz+rNZ/3LRUSTpn8wLMnYA==",
      "dependencies": {
        "oauth": "0.9.9"
      },
      "engines": {
        "node": ">=0.6.0"
      }
    }
  }
}
